{
  "pins" : [
    {
      "identity" : "ogma",
      "kind" : "remoteSourceControl",
      "location" : "https://github.com/nerdsupremacist/Ogma.git",
      "state" : {
        "revision" : "0c66e561916b64332dc8f78fb5957af420f1da75",
        "version" : "0.1.3"
      }
    }
  ],
  "version" : 2
}
